
Microsoft Visual Studio Solution File, Format Version 12.00
# Visual Studio Version 17
VisualStudioVersion = 17.11.35312.102
MinimumVisualStudioVersion = 10.0.40219.1
Project("{FAE04EC0-301F-11D3-BF4B-00C04F79EFBC}") = "Examen1", "Examen1.csproj", "{E2561D9E-4A16-4AEA-AD2F-AE192E8EEBD8}"
EndProject
Global
	GlobalSection(SolutionConfigurationPlatforms) = preSolution
		Debug|Any CPU = Debug|Any CPU
		Release|Any CPU = Release|Any CPU
	EndGlobalSection
	GlobalSection(ProjectConfigurationPlatforms) = postSolution
		{E2561D9E-4A16-4AEA-AD2F-AE192E8EEBD8}.Debug|Any CPU.ActiveCfg = Debug|Any CPU
		{E2561D9E-4A16-4AEA-AD2F-AE192E8EEBD8}.Debug|Any CPU.Build.0 = Debug|Any CPU
		{E2561D9E-4A16-4AEA-AD2F-AE192E8EEBD8}.Release|Any CPU.ActiveCfg = Release|Any CPU
		{E2561D9E-4A16-4AEA-AD2F-AE192E8EEBD8}.Release|Any CPU.Build.0 = Release|Any CPU
	EndGlobalSection
	GlobalSection(SolutionProperties) = preSolution
		HideSolutionNode = FALSE
	EndGlobalSection
	GlobalSection(ExtensibilityGlobals) = postSolution
		SolutionGuid = {F8700EE2-37A1-4C8C-86CB-44B8F0044F10}
	EndGlobalSection
EndGlobal
